
Microsoft Visual Studio Solution File, Format Version 12.00
# Visual Studio Version 17
VisualStudioVersion = 17.11.35327.3
MinimumVisualStudioVersion = 10.0.40219.1
Project("{9A19103F-16F7-4668-BE54-9A1E7A4F7556}") = "MKR1", "MKR1\MKR1.csproj", "{FDA2A4F4-6188-4163-89E9-D993426EA3BD}"
EndProject
Project("{9A19103F-16F7-4668-BE54-9A1E7A4F7556}") = "MKR1.xUnitTests", "MKR1.xUnitTests\MKR1.xUnitTests.csproj", "{402925C4-DA42-46A1-8B58-902A8C58B77B}"
EndProject
Global
	GlobalSection(SolutionConfigurationPlatforms) = preSolution
		Debug|Any CPU = Debug|Any CPU
		Release|Any CPU = Release|Any CPU
	EndGlobalSection
	GlobalSection(ProjectConfigurationPlatforms) = postSolution
		{FDA2A4F4-6188-4163-89E9-D993426EA3BD}.Debug|Any CPU.ActiveCfg = Debug|Any CPU
		{FDA2A4F4-6188-4163-89E9-D993426EA3BD}.Debug|Any CPU.Build.0 = Debug|Any CPU
		{FDA2A4F4-6188-4163-89E9-D993426EA3BD}.Release|Any CPU.ActiveCfg = Release|Any CPU
		{FDA2A4F4-6188-4163-89E9-D993426EA3BD}.Release|Any CPU.Build.0 = Release|Any CPU
		{402925C4-DA42-46A1-8B58-902A8C58B77B}.Debug|Any CPU.ActiveCfg = Debug|Any CPU
		{402925C4-DA42-46A1-8B58-902A8C58B77B}.Debug|Any CPU.Build.0 = Debug|Any CPU
		{402925C4-DA42-46A1-8B58-902A8C58B77B}.Release|Any CPU.ActiveCfg = Release|Any CPU
		{402925C4-DA42-46A1-8B58-902A8C58B77B}.Release|Any CPU.Build.0 = Release|Any CPU
	EndGlobalSection
	GlobalSection(SolutionProperties) = preSolution
		HideSolutionNode = FALSE
	EndGlobalSection
	GlobalSection(ExtensibilityGlobals) = postSolution
		SolutionGuid = {04064208-1F10-418B-930D-3F21C4CDAA55}
	EndGlobalSection
EndGlobal
